
Microsoft Visual Studio Solution File, Format Version 12.00
# Visual Studio 15
VisualStudioVersion = 15.0.27130.2003
MinimumVisualStudioVersion = 10.0.40219.1
Project("{FAE04EC0-301F-11D3-BF4B-00C04F79EFBC}") = "GuapiGraph", "GuapiGraph\GuapiGraph.csproj", "{DAE7B880-40BB-4FD8-A64A-0D036B7F4843}"
EndProject
Project("{FAE04EC0-301F-11D3-BF4B-00C04F79EFBC}") = "NewCoder", "..\NewCoder\NewCoder\NewCoder.csproj", "{5FD63449-AD9D-4909-82C3-DF16F7DE2606}"
EndProject
Project("{FAE04EC0-301F-11D3-BF4B-00C04F79EFBC}") = "CSHomeWork2", "..\CSHomeWork2\CSHomeWork2\CSHomeWork2.csproj", "{39F2746A-D171-45FA-8051-E0FD2768310B}"
EndProject
Global
	GlobalSection(SolutionConfigurationPlatforms) = preSolution
		Debug|Any CPU = Debug|Any CPU
		Release|Any CPU = Release|Any CPU
	EndGlobalSection
	GlobalSection(ProjectConfigurationPlatforms) = postSolution
		{DAE7B880-40BB-4FD8-A64A-0D036B7F4843}.Debug|Any CPU.ActiveCfg = Debug|Any CPU
		{DAE7B880-40BB-4FD8-A64A-0D036B7F4843}.Debug|Any CPU.Build.0 = Debug|Any CPU
		{DAE7B880-40BB-4FD8-A64A-0D036B7F4843}.Release|Any CPU.ActiveCfg = Release|Any CPU
		{DAE7B880-40BB-4FD8-A64A-0D036B7F4843}.Release|Any CPU.Build.0 = Release|Any CPU
		{5FD63449-AD9D-4909-82C3-DF16F7DE2606}.Debug|Any CPU.ActiveCfg = Debug|Any CPU
		{5FD63449-AD9D-4909-82C3-DF16F7DE2606}.Debug|Any CPU.Build.0 = Debug|Any CPU
		{5FD63449-AD9D-4909-82C3-DF16F7DE2606}.Release|Any CPU.ActiveCfg = Release|Any CPU
		{5FD63449-AD9D-4909-82C3-DF16F7DE2606}.Release|Any CPU.Build.0 = Release|Any CPU
		{39F2746A-D171-45FA-8051-E0FD2768310B}.Debug|Any CPU.ActiveCfg = Debug|Any CPU
		{39F2746A-D171-45FA-8051-E0FD2768310B}.Debug|Any CPU.Build.0 = Debug|Any CPU
		{39F2746A-D171-45FA-8051-E0FD2768310B}.Release|Any CPU.ActiveCfg = Release|Any CPU
		{39F2746A-D171-45FA-8051-E0FD2768310B}.Release|Any CPU.Build.0 = Release|Any CPU
	EndGlobalSection
	GlobalSection(SolutionProperties) = preSolution
		HideSolutionNode = FALSE
	EndGlobalSection
	GlobalSection(ExtensibilityGlobals) = postSolution
		SolutionGuid = {1BF49473-2056-4215-AC0D-D698D8D1F60F}
	EndGlobalSection
EndGlobal
